{
  "name": "create-babel",
  "version": "1.0.1",
  "lockfileVersion": 1,
  "requires": true,
  "dependencies": {
    "base-create": {
      "version": "1.2.0",
      "resolved": "https://registry.npmjs.org/base-create/-/base-create-1.2.0.tgz",
      "integrity": "sha512-BAGuta1lxGWBdUShRjTDHuY8z4sQGXZlnxLcigy0g96XPBsKPGOTN6Iqn9T56nmrbMuD9m1jmc33yi7MO7jiyQ==",
      "requires": {
        "mkdirp": "^1.0.4"
      }
    },
    "mkdirp": {
      "version": "1.0.4",
      "resolved": "https://registry.npmjs.org/mkdirp/-/mkdirp-1.0.4.tgz",
      "integrity": "sha512-vVqVZQyf3WLx2Shd0qJ9xuvqgAyKPLAiqITEtqW0oIUjzo3PePDd6fW9iFz30ef7Ysp/oiWqbhszeGWW2T6Gzw=="
    }
  }
}
